
Microsoft Visual Studio Solution File, Format Version 12.00
# Visual Studio Version 16
VisualStudioVersion = 16.0.31229.75
MinimumVisualStudioVersion = 10.0.40219.1
Project("{FAE04EC0-301F-11D3-BF4B-00C04F79EFBC}") = "CSharp_MathLoopAssignment2", "CSharp_MathLoopAssignment2\CSharp_MathLoopAssignment2.csproj", "{B39D4E5D-D3DB-4857-B0F0-8ACD9A961CD1}"
EndProject
Global
	GlobalSection(SolutionConfigurationPlatforms) = preSolution
		Debug|Any CPU = Debug|Any CPU
		Release|Any CPU = Release|Any CPU
	EndGlobalSection
	GlobalSection(ProjectConfigurationPlatforms) = postSolution
		{B39D4E5D-D3DB-4857-B0F0-8ACD9A961CD1}.Debug|Any CPU.ActiveCfg = Debug|Any CPU
		{B39D4E5D-D3DB-4857-B0F0-8ACD9A961CD1}.Debug|Any CPU.Build.0 = Debug|Any CPU
		{B39D4E5D-D3DB-4857-B0F0-8ACD9A961CD1}.Release|Any CPU.ActiveCfg = Release|Any CPU
		{B39D4E5D-D3DB-4857-B0F0-8ACD9A961CD1}.Release|Any CPU.Build.0 = Release|Any CPU
	EndGlobalSection
	GlobalSection(SolutionProperties) = preSolution
		HideSolutionNode = FALSE
	EndGlobalSection
	GlobalSection(ExtensibilityGlobals) = postSolution
		SolutionGuid = {A79705D7-A837-4ADD-9509-AAA135649558}
	EndGlobalSection
EndGlobal
